// !$*UTF8*$!
{
	archiveVersion = 1;
	classes = {
	};
	objectVersion = 46;
	objects = {

/* Begin PBXBuildFile section */
		8E2710E21BD5E1DD006E7138 /* AppDelegate.swift in Sources */ = {isa = PBXBuildFile; fileRef = 8E2710E11BD5E1DD006E7138 /* AppDelegate.swift */; };
		8E2710E41BD5E1DD006E7138 /* ViewController.swift in Sources */ = {isa = PBXBuildFile; fileRef = 8E2710E31BD5E1DD006E7138 /* ViewController.swift */; };
		8E2710E71BD5E1DD006E7138 /* Main.storyboard in Resources */ = {isa = PBXBuildFile; fileRef = 8E2710E51BD5E1DD006E7138 /* Main.storyboard */; };
		8E2710E91BD5E1DD006E7138 /* Assets.xcassets in Resources */ = {isa = PBXBuildFile; fileRef = 8E2710E81BD5E1DD006E7138 /* Assets.xcassets */; };
		8E2710EC1BD5E1DD006E7138 /* LaunchScreen.storyboard in Resources */ = {isa = PBXBuildFile; fileRef = 8E2710EA1BD5E1DD006E7138 /* LaunchScreen.storyboard */; };
		8E2710F71BD5E1DD006E7138 /* ShakeMeGameTests.swift in Sources */ = {isa = PBXBuildFile; fileRef = 8E2710F61BD5E1DD006E7138 /* ShakeMeGameTests.swift */; };
		8E2711021BD5E1DD006E7138 /* ShakeMeGameUITests.swift in Sources */ = {isa = PBXBuildFile; fileRef = 8E2711011BD5E1DD006E7138 /* ShakeMeGameUITests.swift */; };
/* End PBXBuildFile section */

/* Begin PBXContainerItemProxy section */
		8E2710F31BD5E1DD006E7138 /* PBXContainerItemProxy */ = {
			isa = PBXContainerItemProxy;
			containerPortal = 8E2710D61BD5E1DD006E7138 /* Project object */;
			proxyType = 1;
			remoteGlobalIDString = 8E2710DD1BD5E1DD006E7138;
			remoteInfo = ShakeMeGame;
		};
		8E2710FE1BD5E1DD006E7138 /* PBXContainerItemProxy */ = {
			isa = PBXContainerItemProxy;
			containerPortal = 8E2710D61BD5E1DD006E7138 /* Project object */;
			proxyType = 1;
			remoteGlobalIDString = 8E2710DD1BD5E1DD006E7138;
			remoteInfo = ShakeMeGame;
		};
/* End PBXContainerItemProxy section */

/* Begin PBXFileReference section */
		8E2710DE1BD5E1DD006E7138 /* ShakeMeGame.app */ = {isa = PBXFileReference; explicitFileType = wrapper.application; includeInIndex = 0; path = ShakeMeGame.app; sourceTree = BUILT_PRODUCTS_DIR; };
		8E2710E11BD5E1DD006E7138 /* AppDelegate.swift */ = {isa = PBXFileReference; lastKnownFileType = sourcecode.swift; path = AppDelegate.swift; sourceTree = "<group>"; };
		8E2710E31BD5E1DD006E7138 /* ViewController.swift */ = {isa = PBXFileReference; lastKnownFileType = sourcecode.swift; path = ViewController.swift; sourceTree = "<group>"; };
		8E2710E61BD5E1DD006E7138 /* Base */ = {isa = PBXFileReference; lastKnownFileType = file.storyboard; name = Base; path = Base.lproj/Main.storyboard; sourceTree = "<group>"; };
		8E2710E81BD5E1DD006E7138 /* Assets.xcassets */ = {isa = PBXFileReference; lastKnownFileType = folder.assetcatalog; path = Assets.xcassets; sourceTree = "<group>"; };
		8E2710EB1BD5E1DD006E7138 /* Base */ = {isa = PBXFileReference; lastKnownFileType = file.storyboard; name = Base; path = Base.lproj/LaunchScreen.storyboard; sourceTree = "<group>"; };
		8E2710ED1BD5E1DD006E7138 /* Info.plist */ = {isa = PBXFileReference; lastKnownFileType = text.plist.xml; path = Info.plist; sourceTree = "<group>"; };
		8E2710F21BD5E1DD006E7138 /* ShakeMeGameTests.xctest */ = {isa = PBXFileReference; explicitFileType = wrapper.cfbundle; includeInIndex = 0; path = ShakeMeGameTests.xctest; sourceTree = BUILT_PRODUCTS_DIR; };
		8E2710F61BD5E1DD006E7138 /* ShakeMeGameTests.swift */ = {isa = PBXFileReference; lastKnownFileType = sourcecode.swift; path = ShakeMeGameTests.swift; sourceTree = "<group>"; };
		8E2710F81BD5E1DD006E7138 /* Info.plist */ = {isa = PBXFileReference; lastKnownFileType = text.plist.xml; path = Info.plist; sourceTree = "<group>"; };
		8E2710FD1BD5E1DD006E7138 /* ShakeMeGameUITests.xctest */ = {isa = PBXFileReference; explicitFileType = wrapper.cfbundle; includeInIndex = 0; path = ShakeMeGameUITests.xctest; sourceTree = BUILT_PRODUCTS_DIR; };
		8E2711011BD5E1DD006E7138 /* ShakeMeGameUITests.swift */ = {isa = PBXFileReference; lastKnownFileType = sourcecode.swift; path = ShakeMeGameUITests.swift; sourceTree = "<group>"; };
		8E2711031BD5E1DD006E7138 /* Info.plist */ = {isa = PBXFileReference; lastKnownFileType = text.plist.xml; path = Info.plist; sourceTree = "<group>"; };
/* End PBXFileReference section */

/* Begin PBXFrameworksBuildPhase section */
		8E2710DB1BD5E1DD006E7138 /* Frameworks */ = {
			isa = PBXFrameworksBuildPhase;
			buildActionMask = 2147483647;
			files = (
			);
			runOnlyForDeploymentPostprocessing = 0;
		};
		8E2710EF1BD5E1DD006E7138 /* Frameworks */ = {
			isa = PBXFrameworksBuildPhase;
			buildActionMask = 2147483647;
			files = (
			);
			runOnlyForDeploymentPostprocessing = 0;
		};
		8E2710FA1BD5E1DD006E7138 /* Frameworks */ = {
			isa = PBXFrameworksBuildPhase;
			buildActionMask = 2147483647;
			files = (
			);
			runOnlyForDeploymentPostprocessing = 0;
		};
/* End PBXFrameworksBuildPhase section */

/* Begin PBXGroup section */
		8E2710D51BD5E1DD006E7138 = {
			isa = PBXGroup;
			children = (
				8E2710E01BD5E1DD006E7138 /* ShakeMeGame */,
				8E2710F51BD5E1DD006E7138 /* ShakeMeGameTests */,
				8E2711001BD5E1DD006E7138 /* ShakeMeGameUITests */,
				8E2710DF1BD5E1DD006E7138 /* Products */,
			);
			sourceTree = "<group>";
		};
		8E2710DF1BD5E1DD006E7138 /* Products */ = {
			isa = PBXGroup;
			children = (
				8E2710DE1BD5E1DD006E7138 /* ShakeMeGame.app */,
				8E2710F21BD5E1DD006E7138 /* ShakeMeGameTests.xctest */,
				8E2710FD1BD5E1DD006E7138 /* ShakeMeGameUITests.xctest */,
			);
			name = Products;
			sourceTree = "<group>";
		};
		8E2710E01BD5E1DD006E7138 /* ShakeMeGame */ = {
			isa = PBXGroup;
			children = (
				8E2710E11BD5E1DD006E7138 /* AppDelegate.swift */,
				8E2710E31BD5E1DD006E7138 /* ViewController.swift */,
				8E2710E51BD5E1DD006E7138 /* Main.storyboard */,
				8E2710E81BD5E1DD006E7138 /* Assets.xcassets */,
				8E2710EA1BD5E1DD006E7138 /* LaunchScreen.storyboard */,
				8E2710ED1BD5E1DD006E7138 /* Info.plist */,
			);
			path = ShakeMeGame;
			sourceTree = "<group>";
		};
		8E2710F51BD5E1DD006E7138 /* ShakeMeGameTests */ = {
			isa = PBXGroup;
			children = (
				8E2710F61BD5E1DD006E7138 /* ShakeMeGameTests.swift */,
				8E2710F81BD5E1DD006E7138 /* Info.plist */,
			);
			path = ShakeMeGameTests;
			sourceTree = "<group>";
		};
		8E2711001BD5E1DD006E7138 /* ShakeMeGameUITests */ = {
			isa = PBXGroup;
			children = (
				8E2711011BD5E1DD006E7138 /* ShakeMeGameUITests.swift */,
				8E2711031BD5E1DD006E7138 /* Info.plist */,
			);
			path = ShakeMeGameUITests;
			sourceTree = "<group>";
		};
/* End PBXGroup section */

/* Begin PBXNativeTarget section */
		8E2710DD1BD5E1DD006E7138 /* ShakeMeGame */ = {
			isa = PBXNativeTarget;
			buildConfigurationList = 8E2711061BD5E1DD006E7138 /* Build configuration list for PBXNativeTarget "ShakeMeGame" */;
			buildPhases = (
				8E2710DA1BD5E1DD006E7138 /* Sources */,
				8E2710DB1BD5E1DD006E7138 /* Frameworks */,
				8E2710DC1BD5E1DD006E7138 /* Resources */,
			);
			buildRules = (
			);
			dependencies = (
			);
			name = ShakeMeGame;
			productName = ShakeMeGame;
			productReference = 8E2710DE1BD5E1DD006E7138 /* ShakeMeGame.app */;
			productType = "com.apple.product-type.application";
		};
		8E2710F11BD5E1DD006E7138 /* ShakeMeGameTests */ = {
			isa = PBXNativeTarget;
			buildConfigurationList = 8E2711091BD5E1DD006E7138 /* Build configuration list for PBXNativeTarget "ShakeMeGameTests" */;
			buildPhases = (
				8E2710EE1BD5E1DD006E7138 /* Sources */,
				8E2710EF1BD5E1DD006E7138 /* Frameworks */,
				8E2710F01BD5E1DD006E7138 /* Resources */,
			);
			buildRules = (
			);
			dependencies = (
				8E2710F41BD5E1DD006E7138 /* PBXTargetDependency */,
			);
			name = ShakeMeGameTests;
			productName = ShakeMeGameTests;
			productReference = 8E2710F21BD5E1DD006E7138 /* ShakeMeGameTests.xctest */;
			productType = "com.apple.product-type.bundle.unit-test";
		};
		8E2710FC1BD5E1DD006E7138 /* ShakeMeGameUITests */ = {
			isa = PBXNativeTarget;
			buildConfigurationList = 8E27110C1BD5E1DD006E7138 /* Build configuration list for PBXNativeTarget "ShakeMeGameUITests" */;
			buildPhases = (
				8E2710F91BD5E1DD006E7138 /* Sources */,
				8E2710FA1BD5E1DD006E7138 /* Frameworks */,
				8E2710FB1BD5E1DD006E7138 /* Resources */,
			);
			buildRules = (
			);
			dependencies = (
				8E2710FF1BD5E1DD006E7138 /* PBXTargetDependency */,
			);
			name = ShakeMeGameUITests;
			productName = ShakeMeGameUITests;
			productReference = 8E2710FD1BD5E1DD006E7138 /* ShakeMeGameUITests.xctest */;
			productType = "com.apple.product-type.bundle.ui-testing";
		};
/* End PBXNativeTarget section */

/* Begin PBXProject section */
		8E2710D61BD5E1DD006E7138 /* Project object */ = {
			isa = PBXProject;
			attributes = {
				LastUpgradeCheck = 0700;
				ORGANIZATIONNAME = Arthur;
				TargetAttributes = {
					8E2710DD1BD5E1DD006E7138 = {
						CreatedOnToolsVersion = 7.0.1;
					};
					8E2710F11BD5E1DD006E7138 = {
						CreatedOnToolsVersion = 7.0.1;
						TestTargetID = 8E2710DD1BD5E1DD006E7138;
					};
					8E2710FC1BD5E1DD006E7138 = {
						CreatedOnToolsVersion = 7.0.1;
						TestTargetID = 8E2710DD1BD5E1DD006E7138;
					};
				};
			};
			buildConfigurationList = 8E2710D91BD5E1DD006E7138 /* Build configuration list for PBXProject "ShakeMeGame" */;
			compatibilityVersion = "Xcode 3.2";
			developmentRegion = English;
			hasScannedForEncodings = 0;
			knownRegions = (
				en,
				Base,
			);
			mainGroup = 8E2710D51BD5E1DD006E7138;
			productRefGroup = 8E2710DF1BD5E1DD006E7138 /* Products */;
			projectDirPath = "";
			projectRoot = "";
			targets = (
				8E2710DD1BD5E1DD006E7138 /* ShakeMeGame */,
				8E2710F11BD5E1DD006E7138 /* ShakeMeGameTests */,
				8E2710FC1BD5E1DD006E7138 /* ShakeMeGameUITests */,
			);
		};
/* End PBXProject section */

/* Begin PBXResourcesBuildPhase section */
		8E2710DC1BD5E1DD006E7138 /* Resources */ = {
			isa = PBXResourcesBuildPhase;
			buildActionMask = 2147483647;
			files = (
				8E2710EC1BD5E1DD006E7138 /* LaunchScreen.storyboard in Resources */,
				8E2710E91BD5E1DD006E7138 /* Assets.xcassets in Resources */,
				8E2710E71BD5E1DD006E7138 /* Main.storyboard in Resources */,
			);
			runOnlyForDeploymentPostprocessing = 0;
		};
		8E2710F01BD5E1DD006E7138 /* Resources */ = {
			isa = PBXResourcesBuildPhase;
			buildActionMask = 2147483647;
			files = (
			);
			runOnlyForDeploymentPostprocessing = 0;
		};
		8E2710FB1BD5E1DD006E7138 /* Resources */ = {
			isa = PBXResourcesBuildPhase;
			buildActionMask = 2147483647;
			files = (
			);
			runOnlyForDeploymentPostprocessing = 0;
		};
/* End PBXResourcesBuildPhase section */

/* Begin PBXSourcesBuildPhase section */
		8E2710DA1BD5E1DD006E7138 /* Sources */ = {
			isa = PBXSourcesBuildPhase;
			buildActionMask = 2147483647;
			files = (
				8E2710E41BD5E1DD006E7138 /* ViewController.swift in Sources */,
				8E2710E21BD5E1DD006E7138 /* AppDelegate.swift in Sources */,
			);
			runOnlyForDeploymentPostprocessing = 0;
		};
		8E2710EE1BD5E1DD006E7138 /* Sources */ = {
			isa = PBXSourcesBuildPhase;
			buildActionMask = 2147483647;
			files = (
				8E2710F71BD5E1DD006E7138 /* ShakeMeGameTests.swift in Sources */,
			);
			runOnlyForDeploymentPostprocessing = 0;
		};
		8E2710F91BD5E1DD006E7138 /* Sources */ = {
			isa = PBXSourcesBuildPhase;
			buildActionMask = 2147483647;
			files = (
				8E2711021BD5E1DD006E7138 /* ShakeMeGameUITests.swift in Sources */,
			);
			runOnlyForDeploymentPostprocessing = 0;
		};
/* End PBXSourcesBuildPhase section */

/* Begin PBXTargetDependency section */
		8E2710F41BD5E1DD006E7138 /* PBXTargetDependency */ = {
			isa = PBXTargetDependency;
			target = 8E2710DD1BD5E1DD006E7138 /* ShakeMeGame */;
			targetProxy = 8E2710F31BD5E1DD006E7138 /* PBXContainerItemProxy */;
		};
		8E2710FF1BD5E1DD006E7138 /* PBXTargetDependency */ = {
			isa = PBXTargetDependency;
			target = 8E2710DD1BD5E1DD006E7138 /* ShakeMeGame */;
			targetProxy = 8E2710FE1BD5E1DD006E7138 /* PBXContainerItemProxy */;
		};
/* End PBXTargetDependency section */

/* Begin PBXVariantGroup section */
		8E2710E51BD5E1DD006E7138 /* Main.storyboard */ = {
			isa = PBXVariantGroup;
			children = (
				8E2710E61BD5E1DD006E7138 /* Base */,
			);
			name = Main.storyboard;
			sourceTree = "<group>";
		};
		8E2710EA1BD5E1DD006E7138 /* LaunchScreen.storyboard */ = {
			isa = PBXVariantGroup;
			children = (
				8E2710EB1BD5E1DD006E7138 /* Base */,
			);
			name = LaunchScreen.storyboard;
			sourceTree = "<group>";
		};
/* End PBXVariantGroup section */

/* Begin XCBuildConfiguration section */
		8E2711041BD5E1DD006E7138 /* Debug */ = {
			isa = XCBuildConfiguration;
			buildSettings = {
				ALWAYS_SEARCH_USER_PATHS = NO;
				CLANG_CXX_LANGUAGE_STANDARD = "gnu++0x";
				CLANG_CXX_LIBRARY = "libc++";
				CLANG_ENABLE_MODULES = YES;
				CLANG_ENABLE_OBJC_ARC = YES;
				CLANG_WARN_BOOL_CONVERSION = YES;
				CLANG_WARN_CONSTANT_CONVERSION = YES;
				CLANG_WARN_DIRECT_OBJC_ISA_USAGE = YES_ERROR;
				CLANG_WARN_EMPTY_BODY = YES;
				CLANG_WARN_ENUM_CONVERSION = YES;
				CLANG_WARN_INT_CONVERSION = YES;
				CLANG_WARN_OBJC_ROOT_CLASS = YES_ERROR;
				CLANG_WARN_UNREACHABLE_CODE = YES;
				CLANG_WARN__DUPLICATE_METHOD_MATCH = YES;
				"CODE_SIGN_IDENTITY[sdk=iphoneos*]" = "iPhone Developer";
				COPY_PHASE_STRIP = NO;
				DEBUG_INFORMATION_FORMAT = dwarf;
				ENABLE_STRICT_OBJC_MSGSEND = YES;
				ENABLE_TESTABILITY = YES;
				GCC_C_LANGUAGE_STANDARD = gnu99;
				GCC_DYNAMIC_NO_PIC = NO;
				GCC_NO_COMMON_BLOCKS = YES;
				GCC_OPTIMIZATION_LEVEL = 0;
				GCC_PREPROCESSOR_DEFINITIONS = (
					"DEBUG=1",
					"$(inherited)",
				);
				GCC_WARN_64_TO_32_BIT_CONVERSION = YES;
				GCC_WARN_ABOUT_RETURN_TYPE = YES_ERROR;
				GCC_WARN_UNDECLARED_SELECTOR = YES;
				GCC_WARN_UNINITIALIZED_AUTOS = YES_AGGRESSIVE;
				GCC_WARN_UNUSED_FUNCTION = YES;
				GCC_WARN_UNUSED_VARIABLE = YES;
				IPHONEOS_DEPLOYMENT_TARGET = 9.0;
				MTL_ENABLE_DEBUG_INFO = YES;
				ONLY_ACTIVE_ARCH = YES;
				SDKROOT = iphoneos;
				SWIFT_OPTIMIZATION_LEVEL = "-Onone";
				TARGETED_DEVICE_FAMILY = "1,2";
			};
			name = Debug;
		};
		8E2711051BD5E1DD006E7138 /* Release */ = {
			isa = XCBuildConfiguration;
			buildSettings = {
				ALWAYS_SEARCH_USER_PATHS = NO;
				CLANG_CXX_LANGUAGE_STANDARD = "gnu++0x";
				CLANG_CXX_LIBRARY = "libc++";
				CLANG_ENABLE_MODULES = YES;
				CLANG_ENABLE_OBJC_ARC = YES;
				CLANG_WARN_BOOL_CONVERSION = YES;
				CLANG_WARN_CONSTANT_CONVERSION = YES;
				CLANG_WARN_DIRECT_OBJC_ISA_USAGE = YES_ERROR;
				CLANG_WARN_EMPTY_BODY = YES;
				CLANG_WARN_ENUM_CONVERSION = YES;
				CLANG_WARN_INT_CONVERSION = YES;
				CLANG_WARN_OBJC_ROOT_CLASS = YES_ERROR;
				CLANG_WARN_UNREACHABLE_CODE = YES;
				CLANG_WARN__DUPLICATE_METHOD_MATCH = YES;
				"CODE_SIGN_IDENTITY[sdk=iphoneos*]" = "iPhone Developer";
				COPY_PHASE_STRIP = NO;
				DEBUG_INFORMATION_FORMAT = "dwarf-with-dsym";
				ENABLE_NS_ASSERTIONS = NO;
				ENABLE_STRICT_OBJC_MSGSEND = YES;
				GCC_C_LANGUAGE_STANDARD = gnu99;
				GCC_NO_COMMON_BLOCKS = YES;
				GCC_WARN_64_TO_32_BIT_CONVERSION = YES;
				GCC_WARN_ABOUT_RETURN_TYPE = YES_ERROR;
				GCC_WARN_UNDECLARED_SELECTOR = YES;
				GCC_WARN_UNINITIALIZED_AUTOS = YES_AGGRESSIVE;
				GCC_WARN_UNUSED_FUNCTION = YES;
				GCC_WARN_UNUSED_VARIABLE = YES;
				IPHONEOS_DEPLOYMENT_TARGET = 9.0;
				MTL_ENABLE_DEBUG_INFO = NO;
				SDKROOT = iphoneos;
				TARGETED_DEVICE_FAMILY = "1,2";
				VALIDATE_PRODUCT = YES;
			};
			name = Release;
		};
		8E2711071BD5E1DD006E7138 /* Debug */ = {
			isa = XCBuildConfiguration;
			buildSettings = {
				ASSETCATALOG_COMPILER_APPICON_NAME = AppIcon;
				INFOPLIST_FILE = ShakeMeGame/Info.plist;
				LD_RUNPATH_SEARCH_PATHS = "$(inherited) @executable_path/Frameworks";
				PRODUCT_BUNDLE_IDENTIFIER = ca.irooms.ShakeMeGame;
				PRODUCT_NAME = "$(TARGET_NAME)";
			};
			name = Debug;
		};
		8E2711081BD5E1DD006E7138 /* Release */ = {
			isa = XCBuildConfiguration;
			buildSettings = {
				ASSETCATALOG_COMPILER_APPICON_NAME = AppIcon;
				INFOPLIST_FILE = ShakeMeGame/Info.plist;
				LD_RUNPATH_SEARCH_PATHS = "$(inherited) @executable_path/Frameworks";
				PRODUCT_BUNDLE_IDENTIFIER = ca.irooms.ShakeMeGame;
				PRODUCT_NAME = "$(TARGET_NAME)";
			};
			name = Release;
		};
		8E27110A1BD5E1DD006E7138 /* Debug */ = {
			isa = XCBuildConfiguration;
			buildSettings = {
				BUNDLE_LOADER = "$(TEST_HOST)";
				INFOPLIST_FILE = ShakeMeGameTests/Info.plist;
				LD_RUNPATH_SEARCH_PATHS = "$(inherited) @executable_path/Frameworks @loader_path/Frameworks";
				PRODUCT_BUNDLE_IDENTIFIER = ca.irooms.ShakeMeGameTests;
				PRODUCT_NAME = "$(TARGET_NAME)";
				TEST_HOST = "$(BUILT_PRODUCTS_DIR)/ShakeMeGame.app/ShakeMeGame";
			};
			name = Debug;
		};
		8E27110B1BD5E1DD006E7138 /* Release */ = {
			isa = XCBuildConfiguration;
			buildSettings = {
				BUNDLE_LOADER = "$(TEST_HOST)";
				INFOPLIST_FILE = ShakeMeGameTests/Info.plist;
				LD_RUNPATH_SEARCH_PATHS = "$(inherited) @executable_path/Frameworks @loader_path/Frameworks";
				PRODUCT_BUNDLE_IDENTIFIER = ca.irooms.ShakeMeGameTests;
				PRODUCT_NAME = "$(TARGET_NAME)";
				TEST_HOST = "$(BUILT_PRODUCTS_DIR)/ShakeMeGame.app/ShakeMeGame";
			};
			name = Release;
		};
		8E27110D1BD5E1DD006E7138 /* Debug */ = {
			isa = XCBuildConfiguration;
			buildSettings = {
				INFOPLIST_FILE = ShakeMeGameUITests/Info.plist;
				LD_RUNPATH_SEARCH_PATHS = "$(inherited) @executable_path/Frameworks @loader_path/Frameworks";
				PRODUCT_BUNDLE_IDENTIFIER = ca.irooms.ShakeMeGameUITests;
				PRODUCT_NAME = "$(TARGET_NAME)";
				TEST_TARGET_NAME = ShakeMeGame;
				USES_XCTRUNNER = YES;
			};
			name = Debug;
		};
		8E27110E1BD5E1DD006E7138 /* Release */ = {
			isa = XCBuildConfiguration;
			buildSettings = {
				INFOPLIST_FILE = ShakeMeGameUITests/Info.plist;
				LD_RUNPATH_SEARCH_PATHS = "$(inherited) @executable_path/Frameworks @loader_path/Frameworks";
				PRODUCT_BUNDLE_IDENTIFIER = ca.irooms.ShakeMeGameUITests;
				PRODUCT_NAME = "$(TARGET_NAME)";
				TEST_TARGET_NAME = ShakeMeGame;
				USES_XCTRUNNER = YES;
			};
			name = Release;
		};
/* End XCBuildConfiguration section */

/* Begin XCConfigurationList section */
		8E2710D91BD5E1DD006E7138 /* Build configuration list for PBXProject "ShakeMeGame" */ = {
			isa = XCConfigurationList;
			buildConfigurations = (
				8E2711041BD5E1DD006E7138 /* Debug */,
				8E2711051BD5E1DD006E7138 /* Release */,
			);
			defaultConfigurationIsVisible = 0;
			defaultConfigurationName = Release;
		};
		8E2711061BD5E1DD006E7138 /* Build configuration list for PBXNativeTarget "ShakeMeGame" */ = {
			isa = XCConfigurationList;
			buildConfigurations = (
				8E2711071BD5E1DD006E7138 /* Debug */,
				8E2711081BD5E1DD006E7138 /* Release */,
			);
			defaultConfigurationIsVisible = 0;
		};
		8E2711091BD5E1DD006E7138 /* Build configuration list for PBXNativeTarget "ShakeMeGameTests" */ = {
			isa = XCConfigurationList;
			buildConfigurations = (
				8E27110A1BD5E1DD006E7138 /* Debug */,
				8E27110B1BD5E1DD006E7138 /* Release */,
			);
			defaultConfigurationIsVisible = 0;
		};
		8E27110C1BD5E1DD006E7138 /* Build configuration list for PBXNativeTarget "ShakeMeGameUITests" */ = {
			isa = XCConfigurationList;
			buildConfigurations = (
				8E27110D1BD5E1DD006E7138 /* Debug */,
				8E27110E1BD5E1DD006E7138 /* Release */,
			);
			defaultConfigurationIsVisible = 0;
		};
/* End XCConfigurationList section */
	};
	rootObject = 8E2710D61BD5E1DD006E7138 /* Project object */;
}
