// !$*UTF8*$!
{
	archiveVersion = 1;
	classes = {
	};
	objectVersion = 46;
	objects = {

/* Begin PBXBuildFile section */
		8EA682571BE95CF7000B367C /* AppDelegate.swift in Sources */ = {isa = PBXBuildFile; fileRef = 8EA682561BE95CF7000B367C /* AppDelegate.swift */; };
		8EA682591BE95CF7000B367C /* ViewController.swift in Sources */ = {isa = PBXBuildFile; fileRef = 8EA682581BE95CF7000B367C /* ViewController.swift */; };
		8EA6825C1BE95CF7000B367C /* Main.storyboard in Resources */ = {isa = PBXBuildFile; fileRef = 8EA6825A1BE95CF7000B367C /* Main.storyboard */; };
		8EA6825E1BE95CF7000B367C /* Assets.xcassets in Resources */ = {isa = PBXBuildFile; fileRef = 8EA6825D1BE95CF7000B367C /* Assets.xcassets */; };
		8EA682611BE95CF7000B367C /* LaunchScreen.storyboard in Resources */ = {isa = PBXBuildFile; fileRef = 8EA6825F1BE95CF7000B367C /* LaunchScreen.storyboard */; };
		8EA6826C1BE95CF7000B367C /* YouTubeVideosTests.swift in Sources */ = {isa = PBXBuildFile; fileRef = 8EA6826B1BE95CF7000B367C /* YouTubeVideosTests.swift */; };
		8EA682771BE95CF8000B367C /* YouTubeVideosUITests.swift in Sources */ = {isa = PBXBuildFile; fileRef = 8EA682761BE95CF8000B367C /* YouTubeVideosUITests.swift */; };
/* End PBXBuildFile section */

/* Begin PBXContainerItemProxy section */
		8EA682681BE95CF7000B367C /* PBXContainerItemProxy */ = {
			isa = PBXContainerItemProxy;
			containerPortal = 8EA6824B1BE95CF7000B367C /* Project object */;
			proxyType = 1;
			remoteGlobalIDString = 8EA682521BE95CF7000B367C;
			remoteInfo = YouTubeVideos;
		};
		8EA682731BE95CF7000B367C /* PBXContainerItemProxy */ = {
			isa = PBXContainerItemProxy;
			containerPortal = 8EA6824B1BE95CF7000B367C /* Project object */;
			proxyType = 1;
			remoteGlobalIDString = 8EA682521BE95CF7000B367C;
			remoteInfo = YouTubeVideos;
		};
/* End PBXContainerItemProxy section */

/* Begin PBXFileReference section */
		8EA682531BE95CF7000B367C /* YouTubeVideos.app */ = {isa = PBXFileReference; explicitFileType = wrapper.application; includeInIndex = 0; path = YouTubeVideos.app; sourceTree = BUILT_PRODUCTS_DIR; };
		8EA682561BE95CF7000B367C /* AppDelegate.swift */ = {isa = PBXFileReference; lastKnownFileType = sourcecode.swift; path = AppDelegate.swift; sourceTree = "<group>"; };
		8EA682581BE95CF7000B367C /* ViewController.swift */ = {isa = PBXFileReference; lastKnownFileType = sourcecode.swift; path = ViewController.swift; sourceTree = "<group>"; };
		8EA6825B1BE95CF7000B367C /* Base */ = {isa = PBXFileReference; lastKnownFileType = file.storyboard; name = Base; path = Base.lproj/Main.storyboard; sourceTree = "<group>"; };
		8EA6825D1BE95CF7000B367C /* Assets.xcassets */ = {isa = PBXFileReference; lastKnownFileType = folder.assetcatalog; path = Assets.xcassets; sourceTree = "<group>"; };
		8EA682601BE95CF7000B367C /* Base */ = {isa = PBXFileReference; lastKnownFileType = file.storyboard; name = Base; path = Base.lproj/LaunchScreen.storyboard; sourceTree = "<group>"; };
		8EA682621BE95CF7000B367C /* Info.plist */ = {isa = PBXFileReference; lastKnownFileType = text.plist.xml; path = Info.plist; sourceTree = "<group>"; };
		8EA682671BE95CF7000B367C /* YouTubeVideosTests.xctest */ = {isa = PBXFileReference; explicitFileType = wrapper.cfbundle; includeInIndex = 0; path = YouTubeVideosTests.xctest; sourceTree = BUILT_PRODUCTS_DIR; };
		8EA6826B1BE95CF7000B367C /* YouTubeVideosTests.swift */ = {isa = PBXFileReference; lastKnownFileType = sourcecode.swift; path = YouTubeVideosTests.swift; sourceTree = "<group>"; };
		8EA6826D1BE95CF7000B367C /* Info.plist */ = {isa = PBXFileReference; lastKnownFileType = text.plist.xml; path = Info.plist; sourceTree = "<group>"; };
		8EA682721BE95CF7000B367C /* YouTubeVideosUITests.xctest */ = {isa = PBXFileReference; explicitFileType = wrapper.cfbundle; includeInIndex = 0; path = YouTubeVideosUITests.xctest; sourceTree = BUILT_PRODUCTS_DIR; };
		8EA682761BE95CF8000B367C /* YouTubeVideosUITests.swift */ = {isa = PBXFileReference; lastKnownFileType = sourcecode.swift; path = YouTubeVideosUITests.swift; sourceTree = "<group>"; };
		8EA682781BE95CF8000B367C /* Info.plist */ = {isa = PBXFileReference; lastKnownFileType = text.plist.xml; path = Info.plist; sourceTree = "<group>"; };
/* End PBXFileReference section */

/* Begin PBXFrameworksBuildPhase section */
		8EA682501BE95CF7000B367C /* Frameworks */ = {
			isa = PBXFrameworksBuildPhase;
			buildActionMask = 2147483647;
			files = (
			);
			runOnlyForDeploymentPostprocessing = 0;
		};
		8EA682641BE95CF7000B367C /* Frameworks */ = {
			isa = PBXFrameworksBuildPhase;
			buildActionMask = 2147483647;
			files = (
			);
			runOnlyForDeploymentPostprocessing = 0;
		};
		8EA6826F1BE95CF7000B367C /* Frameworks */ = {
			isa = PBXFrameworksBuildPhase;
			buildActionMask = 2147483647;
			files = (
			);
			runOnlyForDeploymentPostprocessing = 0;
		};
/* End PBXFrameworksBuildPhase section */

/* Begin PBXGroup section */
		8EA6824A1BE95CF7000B367C = {
			isa = PBXGroup;
			children = (
				8EA682551BE95CF7000B367C /* YouTubeVideos */,
				8EA6826A1BE95CF7000B367C /* YouTubeVideosTests */,
				8EA682751BE95CF8000B367C /* YouTubeVideosUITests */,
				8EA682541BE95CF7000B367C /* Products */,
			);
			sourceTree = "<group>";
		};
		8EA682541BE95CF7000B367C /* Products */ = {
			isa = PBXGroup;
			children = (
				8EA682531BE95CF7000B367C /* YouTubeVideos.app */,
				8EA682671BE95CF7000B367C /* YouTubeVideosTests.xctest */,
				8EA682721BE95CF7000B367C /* YouTubeVideosUITests.xctest */,
			);
			name = Products;
			sourceTree = "<group>";
		};
		8EA682551BE95CF7000B367C /* YouTubeVideos */ = {
			isa = PBXGroup;
			children = (
				8EA682561BE95CF7000B367C /* AppDelegate.swift */,
				8EA682581BE95CF7000B367C /* ViewController.swift */,
				8EA6825A1BE95CF7000B367C /* Main.storyboard */,
				8EA6825D1BE95CF7000B367C /* Assets.xcassets */,
				8EA6825F1BE95CF7000B367C /* LaunchScreen.storyboard */,
				8EA682621BE95CF7000B367C /* Info.plist */,
			);
			path = YouTubeVideos;
			sourceTree = "<group>";
		};
		8EA6826A1BE95CF7000B367C /* YouTubeVideosTests */ = {
			isa = PBXGroup;
			children = (
				8EA6826B1BE95CF7000B367C /* YouTubeVideosTests.swift */,
				8EA6826D1BE95CF7000B367C /* Info.plist */,
			);
			path = YouTubeVideosTests;
			sourceTree = "<group>";
		};
		8EA682751BE95CF8000B367C /* YouTubeVideosUITests */ = {
			isa = PBXGroup;
			children = (
				8EA682761BE95CF8000B367C /* YouTubeVideosUITests.swift */,
				8EA682781BE95CF8000B367C /* Info.plist */,
			);
			path = YouTubeVideosUITests;
			sourceTree = "<group>";
		};
/* End PBXGroup section */

/* Begin PBXNativeTarget section */
		8EA682521BE95CF7000B367C /* YouTubeVideos */ = {
			isa = PBXNativeTarget;
			buildConfigurationList = 8EA6827B1BE95CF8000B367C /* Build configuration list for PBXNativeTarget "YouTubeVideos" */;
			buildPhases = (
				8EA6824F1BE95CF7000B367C /* Sources */,
				8EA682501BE95CF7000B367C /* Frameworks */,
				8EA682511BE95CF7000B367C /* Resources */,
			);
			buildRules = (
			);
			dependencies = (
			);
			name = YouTubeVideos;
			productName = YouTubeVideos;
			productReference = 8EA682531BE95CF7000B367C /* YouTubeVideos.app */;
			productType = "com.apple.product-type.application";
		};
		8EA682661BE95CF7000B367C /* YouTubeVideosTests */ = {
			isa = PBXNativeTarget;
			buildConfigurationList = 8EA6827E1BE95CF8000B367C /* Build configuration list for PBXNativeTarget "YouTubeVideosTests" */;
			buildPhases = (
				8EA682631BE95CF7000B367C /* Sources */,
				8EA682641BE95CF7000B367C /* Frameworks */,
				8EA682651BE95CF7000B367C /* Resources */,
			);
			buildRules = (
			);
			dependencies = (
				8EA682691BE95CF7000B367C /* PBXTargetDependency */,
			);
			name = YouTubeVideosTests;
			productName = YouTubeVideosTests;
			productReference = 8EA682671BE95CF7000B367C /* YouTubeVideosTests.xctest */;
			productType = "com.apple.product-type.bundle.unit-test";
		};
		8EA682711BE95CF7000B367C /* YouTubeVideosUITests */ = {
			isa = PBXNativeTarget;
			buildConfigurationList = 8EA682811BE95CF8000B367C /* Build configuration list for PBXNativeTarget "YouTubeVideosUITests" */;
			buildPhases = (
				8EA6826E1BE95CF7000B367C /* Sources */,
				8EA6826F1BE95CF7000B367C /* Frameworks */,
				8EA682701BE95CF7000B367C /* Resources */,
			);
			buildRules = (
			);
			dependencies = (
				8EA682741BE95CF7000B367C /* PBXTargetDependency */,
			);
			name = YouTubeVideosUITests;
			productName = YouTubeVideosUITests;
			productReference = 8EA682721BE95CF7000B367C /* YouTubeVideosUITests.xctest */;
			productType = "com.apple.product-type.bundle.ui-testing";
		};
/* End PBXNativeTarget section */

/* Begin PBXProject section */
		8EA6824B1BE95CF7000B367C /* Project object */ = {
			isa = PBXProject;
			attributes = {
				LastUpgradeCheck = 0700;
				ORGANIZATIONNAME = Arthur;
				TargetAttributes = {
					8EA682521BE95CF7000B367C = {
						CreatedOnToolsVersion = 7.0.1;
					};
					8EA682661BE95CF7000B367C = {
						CreatedOnToolsVersion = 7.0.1;
						TestTargetID = 8EA682521BE95CF7000B367C;
					};
					8EA682711BE95CF7000B367C = {
						CreatedOnToolsVersion = 7.0.1;
						TestTargetID = 8EA682521BE95CF7000B367C;
					};
				};
			};
			buildConfigurationList = 8EA6824E1BE95CF7000B367C /* Build configuration list for PBXProject "YouTubeVideos" */;
			compatibilityVersion = "Xcode 3.2";
			developmentRegion = English;
			hasScannedForEncodings = 0;
			knownRegions = (
				en,
				Base,
			);
			mainGroup = 8EA6824A1BE95CF7000B367C;
			productRefGroup = 8EA682541BE95CF7000B367C /* Products */;
			projectDirPath = "";
			projectRoot = "";
			targets = (
				8EA682521BE95CF7000B367C /* YouTubeVideos */,
				8EA682661BE95CF7000B367C /* YouTubeVideosTests */,
				8EA682711BE95CF7000B367C /* YouTubeVideosUITests */,
			);
		};
/* End PBXProject section */

/* Begin PBXResourcesBuildPhase section */
		8EA682511BE95CF7000B367C /* Resources */ = {
			isa = PBXResourcesBuildPhase;
			buildActionMask = 2147483647;
			files = (
				8EA682611BE95CF7000B367C /* LaunchScreen.storyboard in Resources */,
				8EA6825E1BE95CF7000B367C /* Assets.xcassets in Resources */,
				8EA6825C1BE95CF7000B367C /* Main.storyboard in Resources */,
			);
			runOnlyForDeploymentPostprocessing = 0;
		};
		8EA682651BE95CF7000B367C /* Resources */ = {
			isa = PBXResourcesBuildPhase;
			buildActionMask = 2147483647;
			files = (
			);
			runOnlyForDeploymentPostprocessing = 0;
		};
		8EA682701BE95CF7000B367C /* Resources */ = {
			isa = PBXResourcesBuildPhase;
			buildActionMask = 2147483647;
			files = (
			);
			runOnlyForDeploymentPostprocessing = 0;
		};
/* End PBXResourcesBuildPhase section */

/* Begin PBXSourcesBuildPhase section */
		8EA6824F1BE95CF7000B367C /* Sources */ = {
			isa = PBXSourcesBuildPhase;
			buildActionMask = 2147483647;
			files = (
				8EA682591BE95CF7000B367C /* ViewController.swift in Sources */,
				8EA682571BE95CF7000B367C /* AppDelegate.swift in Sources */,
			);
			runOnlyForDeploymentPostprocessing = 0;
		};
		8EA682631BE95CF7000B367C /* Sources */ = {
			isa = PBXSourcesBuildPhase;
			buildActionMask = 2147483647;
			files = (
				8EA6826C1BE95CF7000B367C /* YouTubeVideosTests.swift in Sources */,
			);
			runOnlyForDeploymentPostprocessing = 0;
		};
		8EA6826E1BE95CF7000B367C /* Sources */ = {
			isa = PBXSourcesBuildPhase;
			buildActionMask = 2147483647;
			files = (
				8EA682771BE95CF8000B367C /* YouTubeVideosUITests.swift in Sources */,
			);
			runOnlyForDeploymentPostprocessing = 0;
		};
/* End PBXSourcesBuildPhase section */

/* Begin PBXTargetDependency section */
		8EA682691BE95CF7000B367C /* PBXTargetDependency */ = {
			isa = PBXTargetDependency;
			target = 8EA682521BE95CF7000B367C /* YouTubeVideos */;
			targetProxy = 8EA682681BE95CF7000B367C /* PBXContainerItemProxy */;
		};
		8EA682741BE95CF7000B367C /* PBXTargetDependency */ = {
			isa = PBXTargetDependency;
			target = 8EA682521BE95CF7000B367C /* YouTubeVideos */;
			targetProxy = 8EA682731BE95CF7000B367C /* PBXContainerItemProxy */;
		};
/* End PBXTargetDependency section */

/* Begin PBXVariantGroup section */
		8EA6825A1BE95CF7000B367C /* Main.storyboard */ = {
			isa = PBXVariantGroup;
			children = (
				8EA6825B1BE95CF7000B367C /* Base */,
			);
			name = Main.storyboard;
			sourceTree = "<group>";
		};
		8EA6825F1BE95CF7000B367C /* LaunchScreen.storyboard */ = {
			isa = PBXVariantGroup;
			children = (
				8EA682601BE95CF7000B367C /* Base */,
			);
			name = LaunchScreen.storyboard;
			sourceTree = "<group>";
		};
/* End PBXVariantGroup section */

/* Begin XCBuildConfiguration section */
		8EA682791BE95CF8000B367C /* Debug */ = {
			isa = XCBuildConfiguration;
			buildSettings = {
				ALWAYS_SEARCH_USER_PATHS = NO;
				CLANG_CXX_LANGUAGE_STANDARD = "gnu++0x";
				CLANG_CXX_LIBRARY = "libc++";
				CLANG_ENABLE_MODULES = YES;
				CLANG_ENABLE_OBJC_ARC = YES;
				CLANG_WARN_BOOL_CONVERSION = YES;
				CLANG_WARN_CONSTANT_CONVERSION = YES;
				CLANG_WARN_DIRECT_OBJC_ISA_USAGE = YES_ERROR;
				CLANG_WARN_EMPTY_BODY = YES;
				CLANG_WARN_ENUM_CONVERSION = YES;
				CLANG_WARN_INT_CONVERSION = YES;
				CLANG_WARN_OBJC_ROOT_CLASS = YES_ERROR;
				CLANG_WARN_UNREACHABLE_CODE = YES;
				CLANG_WARN__DUPLICATE_METHOD_MATCH = YES;
				"CODE_SIGN_IDENTITY[sdk=iphoneos*]" = "iPhone Developer";
				COPY_PHASE_STRIP = NO;
				DEBUG_INFORMATION_FORMAT = dwarf;
				ENABLE_STRICT_OBJC_MSGSEND = YES;
				ENABLE_TESTABILITY = YES;
				GCC_C_LANGUAGE_STANDARD = gnu99;
				GCC_DYNAMIC_NO_PIC = NO;
				GCC_NO_COMMON_BLOCKS = YES;
				GCC_OPTIMIZATION_LEVEL = 0;
				GCC_PREPROCESSOR_DEFINITIONS = (
					"DEBUG=1",
					"$(inherited)",
				);
				GCC_WARN_64_TO_32_BIT_CONVERSION = YES;
				GCC_WARN_ABOUT_RETURN_TYPE = YES_ERROR;
				GCC_WARN_UNDECLARED_SELECTOR = YES;
				GCC_WARN_UNINITIALIZED_AUTOS = YES_AGGRESSIVE;
				GCC_WARN_UNUSED_FUNCTION = YES;
				GCC_WARN_UNUSED_VARIABLE = YES;
				IPHONEOS_DEPLOYMENT_TARGET = 9.0;
				MTL_ENABLE_DEBUG_INFO = YES;
				ONLY_ACTIVE_ARCH = YES;
				SDKROOT = iphoneos;
				SWIFT_OPTIMIZATION_LEVEL = "-Onone";
			};
			name = Debug;
		};
		8EA6827A1BE95CF8000B367C /* Release */ = {
			isa = XCBuildConfiguration;
			buildSettings = {
				ALWAYS_SEARCH_USER_PATHS = NO;
				CLANG_CXX_LANGUAGE_STANDARD = "gnu++0x";
				CLANG_CXX_LIBRARY = "libc++";
				CLANG_ENABLE_MODULES = YES;
				CLANG_ENABLE_OBJC_ARC = YES;
				CLANG_WARN_BOOL_CONVERSION = YES;
				CLANG_WARN_CONSTANT_CONVERSION = YES;
				CLANG_WARN_DIRECT_OBJC_ISA_USAGE = YES_ERROR;
				CLANG_WARN_EMPTY_BODY = YES;
				CLANG_WARN_ENUM_CONVERSION = YES;
				CLANG_WARN_INT_CONVERSION = YES;
				CLANG_WARN_OBJC_ROOT_CLASS = YES_ERROR;
				CLANG_WARN_UNREACHABLE_CODE = YES;
				CLANG_WARN__DUPLICATE_METHOD_MATCH = YES;
				"CODE_SIGN_IDENTITY[sdk=iphoneos*]" = "iPhone Developer";
				COPY_PHASE_STRIP = NO;
				DEBUG_INFORMATION_FORMAT = "dwarf-with-dsym";
				ENABLE_NS_ASSERTIONS = NO;
				ENABLE_STRICT_OBJC_MSGSEND = YES;
				GCC_C_LANGUAGE_STANDARD = gnu99;
				GCC_NO_COMMON_BLOCKS = YES;
				GCC_WARN_64_TO_32_BIT_CONVERSION = YES;
				GCC_WARN_ABOUT_RETURN_TYPE = YES_ERROR;
				GCC_WARN_UNDECLARED_SELECTOR = YES;
				GCC_WARN_UNINITIALIZED_AUTOS = YES_AGGRESSIVE;
				GCC_WARN_UNUSED_FUNCTION = YES;
				GCC_WARN_UNUSED_VARIABLE = YES;
				IPHONEOS_DEPLOYMENT_TARGET = 9.0;
				MTL_ENABLE_DEBUG_INFO = NO;
				SDKROOT = iphoneos;
				VALIDATE_PRODUCT = YES;
			};
			name = Release;
		};
		8EA6827C1BE95CF8000B367C /* Debug */ = {
			isa = XCBuildConfiguration;
			buildSettings = {
				ASSETCATALOG_COMPILER_APPICON_NAME = AppIcon;
				INFOPLIST_FILE = YouTubeVideos/Info.plist;
				LD_RUNPATH_SEARCH_PATHS = "$(inherited) @executable_path/Frameworks";
				PRODUCT_BUNDLE_IDENTIFIER = ca.irooms.YouTubeVideos;
				PRODUCT_NAME = "$(TARGET_NAME)";
			};
			name = Debug;
		};
		8EA6827D1BE95CF8000B367C /* Release */ = {
			isa = XCBuildConfiguration;
			buildSettings = {
				ASSETCATALOG_COMPILER_APPICON_NAME = AppIcon;
				INFOPLIST_FILE = YouTubeVideos/Info.plist;
				LD_RUNPATH_SEARCH_PATHS = "$(inherited) @executable_path/Frameworks";
				PRODUCT_BUNDLE_IDENTIFIER = ca.irooms.YouTubeVideos;
				PRODUCT_NAME = "$(TARGET_NAME)";
			};
			name = Release;
		};
		8EA6827F1BE95CF8000B367C /* Debug */ = {
			isa = XCBuildConfiguration;
			buildSettings = {
				BUNDLE_LOADER = "$(TEST_HOST)";
				INFOPLIST_FILE = YouTubeVideosTests/Info.plist;
				LD_RUNPATH_SEARCH_PATHS = "$(inherited) @executable_path/Frameworks @loader_path/Frameworks";
				PRODUCT_BUNDLE_IDENTIFIER = ca.irooms.YouTubeVideosTests;
				PRODUCT_NAME = "$(TARGET_NAME)";
				TEST_HOST = "$(BUILT_PRODUCTS_DIR)/YouTubeVideos.app/YouTubeVideos";
			};
			name = Debug;
		};
		8EA682801BE95CF8000B367C /* Release */ = {
			isa = XCBuildConfiguration;
			buildSettings = {
				BUNDLE_LOADER = "$(TEST_HOST)";
				INFOPLIST_FILE = YouTubeVideosTests/Info.plist;
				LD_RUNPATH_SEARCH_PATHS = "$(inherited) @executable_path/Frameworks @loader_path/Frameworks";
				PRODUCT_BUNDLE_IDENTIFIER = ca.irooms.YouTubeVideosTests;
				PRODUCT_NAME = "$(TARGET_NAME)";
				TEST_HOST = "$(BUILT_PRODUCTS_DIR)/YouTubeVideos.app/YouTubeVideos";
			};
			name = Release;
		};
		8EA682821BE95CF8000B367C /* Debug */ = {
			isa = XCBuildConfiguration;
			buildSettings = {
				INFOPLIST_FILE = YouTubeVideosUITests/Info.plist;
				LD_RUNPATH_SEARCH_PATHS = "$(inherited) @executable_path/Frameworks @loader_path/Frameworks";
				PRODUCT_BUNDLE_IDENTIFIER = ca.irooms.YouTubeVideosUITests;
				PRODUCT_NAME = "$(TARGET_NAME)";
				TEST_TARGET_NAME = YouTubeVideos;
				USES_XCTRUNNER = YES;
			};
			name = Debug;
		};
		8EA682831BE95CF8000B367C /* Release */ = {
			isa = XCBuildConfiguration;
			buildSettings = {
				INFOPLIST_FILE = YouTubeVideosUITests/Info.plist;
				LD_RUNPATH_SEARCH_PATHS = "$(inherited) @executable_path/Frameworks @loader_path/Frameworks";
				PRODUCT_BUNDLE_IDENTIFIER = ca.irooms.YouTubeVideosUITests;
				PRODUCT_NAME = "$(TARGET_NAME)";
				TEST_TARGET_NAME = YouTubeVideos;
				USES_XCTRUNNER = YES;
			};
			name = Release;
		};
/* End XCBuildConfiguration section */

/* Begin XCConfigurationList section */
		8EA6824E1BE95CF7000B367C /* Build configuration list for PBXProject "YouTubeVideos" */ = {
			isa = XCConfigurationList;
			buildConfigurations = (
				8EA682791BE95CF8000B367C /* Debug */,
				8EA6827A1BE95CF8000B367C /* Release */,
			);
			defaultConfigurationIsVisible = 0;
			defaultConfigurationName = Release;
		};
		8EA6827B1BE95CF8000B367C /* Build configuration list for PBXNativeTarget "YouTubeVideos" */ = {
			isa = XCConfigurationList;
			buildConfigurations = (
				8EA6827C1BE95CF8000B367C /* Debug */,
				8EA6827D1BE95CF8000B367C /* Release */,
			);
			defaultConfigurationIsVisible = 0;
		};
		8EA6827E1BE95CF8000B367C /* Build configuration list for PBXNativeTarget "YouTubeVideosTests" */ = {
			isa = XCConfigurationList;
			buildConfigurations = (
				8EA6827F1BE95CF8000B367C /* Debug */,
				8EA682801BE95CF8000B367C /* Release */,
			);
			defaultConfigurationIsVisible = 0;
		};
		8EA682811BE95CF8000B367C /* Build configuration list for PBXNativeTarget "YouTubeVideosUITests" */ = {
			isa = XCConfigurationList;
			buildConfigurations = (
				8EA682821BE95CF8000B367C /* Debug */,
				8EA682831BE95CF8000B367C /* Release */,
			);
			defaultConfigurationIsVisible = 0;
		};
/* End XCConfigurationList section */
	};
	rootObject = 8EA6824B1BE95CF7000B367C /* Project object */;
}
