// !$*UTF8*$!
{
	archiveVersion = 1;
	classes = {
	};
	objectVersion = 46;
	objects = {

/* Begin PBXBuildFile section */
		8E3C3C311BF1220E00EA16F2 /* AppDelegate.swift in Sources */ = {isa = PBXBuildFile; fileRef = 8E3C3C301BF1220E00EA16F2 /* AppDelegate.swift */; };
		8E3C3C331BF1220E00EA16F2 /* ViewController.swift in Sources */ = {isa = PBXBuildFile; fileRef = 8E3C3C321BF1220E00EA16F2 /* ViewController.swift */; };
		8E3C3C361BF1220F00EA16F2 /* Main.storyboard in Resources */ = {isa = PBXBuildFile; fileRef = 8E3C3C341BF1220F00EA16F2 /* Main.storyboard */; };
		8E3C3C381BF1220F00EA16F2 /* Assets.xcassets in Resources */ = {isa = PBXBuildFile; fileRef = 8E3C3C371BF1220F00EA16F2 /* Assets.xcassets */; };
		8E3C3C3B1BF1220F00EA16F2 /* LaunchScreen.storyboard in Resources */ = {isa = PBXBuildFile; fileRef = 8E3C3C391BF1220F00EA16F2 /* LaunchScreen.storyboard */; };
		8E3C3C461BF1221000EA16F2 /* EmailTextTests.swift in Sources */ = {isa = PBXBuildFile; fileRef = 8E3C3C451BF1221000EA16F2 /* EmailTextTests.swift */; };
		8E3C3C511BF1221000EA16F2 /* EmailTextUITests.swift in Sources */ = {isa = PBXBuildFile; fileRef = 8E3C3C501BF1221000EA16F2 /* EmailTextUITests.swift */; };
		8E3C3C5F1BF1222900EA16F2 /* MessageUI.framework in Frameworks */ = {isa = PBXBuildFile; fileRef = 8E3C3C5E1BF1222900EA16F2 /* MessageUI.framework */; };
		8E3C3C611BF126F900EA16F2 /* dog3.png in Resources */ = {isa = PBXBuildFile; fileRef = 8E3C3C601BF126F900EA16F2 /* dog3.png */; settings = {ASSET_TAGS = (); }; };
/* End PBXBuildFile section */

/* Begin PBXContainerItemProxy section */
		8E3C3C421BF1221000EA16F2 /* PBXContainerItemProxy */ = {
			isa = PBXContainerItemProxy;
			containerPortal = 8E3C3C251BF1220E00EA16F2 /* Project object */;
			proxyType = 1;
			remoteGlobalIDString = 8E3C3C2C1BF1220E00EA16F2;
			remoteInfo = EmailText;
		};
		8E3C3C4D1BF1221000EA16F2 /* PBXContainerItemProxy */ = {
			isa = PBXContainerItemProxy;
			containerPortal = 8E3C3C251BF1220E00EA16F2 /* Project object */;
			proxyType = 1;
			remoteGlobalIDString = 8E3C3C2C1BF1220E00EA16F2;
			remoteInfo = EmailText;
		};
/* End PBXContainerItemProxy section */

/* Begin PBXFileReference section */
		8E3C3C2D1BF1220E00EA16F2 /* EmailText.app */ = {isa = PBXFileReference; explicitFileType = wrapper.application; includeInIndex = 0; path = EmailText.app; sourceTree = BUILT_PRODUCTS_DIR; };
		8E3C3C301BF1220E00EA16F2 /* AppDelegate.swift */ = {isa = PBXFileReference; lastKnownFileType = sourcecode.swift; path = AppDelegate.swift; sourceTree = "<group>"; };
		8E3C3C321BF1220E00EA16F2 /* ViewController.swift */ = {isa = PBXFileReference; lastKnownFileType = sourcecode.swift; path = ViewController.swift; sourceTree = "<group>"; };
		8E3C3C351BF1220F00EA16F2 /* Base */ = {isa = PBXFileReference; lastKnownFileType = file.storyboard; name = Base; path = Base.lproj/Main.storyboard; sourceTree = "<group>"; };
		8E3C3C371BF1220F00EA16F2 /* Assets.xcassets */ = {isa = PBXFileReference; lastKnownFileType = folder.assetcatalog; path = Assets.xcassets; sourceTree = "<group>"; };
		8E3C3C3A1BF1220F00EA16F2 /* Base */ = {isa = PBXFileReference; lastKnownFileType = file.storyboard; name = Base; path = Base.lproj/LaunchScreen.storyboard; sourceTree = "<group>"; };
		8E3C3C3C1BF1220F00EA16F2 /* Info.plist */ = {isa = PBXFileReference; lastKnownFileType = text.plist.xml; path = Info.plist; sourceTree = "<group>"; };
		8E3C3C411BF1221000EA16F2 /* EmailTextTests.xctest */ = {isa = PBXFileReference; explicitFileType = wrapper.cfbundle; includeInIndex = 0; path = EmailTextTests.xctest; sourceTree = BUILT_PRODUCTS_DIR; };
		8E3C3C451BF1221000EA16F2 /* EmailTextTests.swift */ = {isa = PBXFileReference; lastKnownFileType = sourcecode.swift; path = EmailTextTests.swift; sourceTree = "<group>"; };
		8E3C3C471BF1221000EA16F2 /* Info.plist */ = {isa = PBXFileReference; lastKnownFileType = text.plist.xml; path = Info.plist; sourceTree = "<group>"; };
		8E3C3C4C1BF1221000EA16F2 /* EmailTextUITests.xctest */ = {isa = PBXFileReference; explicitFileType = wrapper.cfbundle; includeInIndex = 0; path = EmailTextUITests.xctest; sourceTree = BUILT_PRODUCTS_DIR; };
		8E3C3C501BF1221000EA16F2 /* EmailTextUITests.swift */ = {isa = PBXFileReference; lastKnownFileType = sourcecode.swift; path = EmailTextUITests.swift; sourceTree = "<group>"; };
		8E3C3C521BF1221000EA16F2 /* Info.plist */ = {isa = PBXFileReference; lastKnownFileType = text.plist.xml; path = Info.plist; sourceTree = "<group>"; };
		8E3C3C5E1BF1222900EA16F2 /* MessageUI.framework */ = {isa = PBXFileReference; lastKnownFileType = wrapper.framework; name = MessageUI.framework; path = System/Library/Frameworks/MessageUI.framework; sourceTree = SDKROOT; };
		8E3C3C601BF126F900EA16F2 /* dog3.png */ = {isa = PBXFileReference; lastKnownFileType = image.png; path = dog3.png; sourceTree = "<group>"; };
/* End PBXFileReference section */

/* Begin PBXFrameworksBuildPhase section */
		8E3C3C2A1BF1220E00EA16F2 /* Frameworks */ = {
			isa = PBXFrameworksBuildPhase;
			buildActionMask = 2147483647;
			files = (
				8E3C3C5F1BF1222900EA16F2 /* MessageUI.framework in Frameworks */,
			);
			runOnlyForDeploymentPostprocessing = 0;
		};
		8E3C3C3E1BF1221000EA16F2 /* Frameworks */ = {
			isa = PBXFrameworksBuildPhase;
			buildActionMask = 2147483647;
			files = (
			);
			runOnlyForDeploymentPostprocessing = 0;
		};
		8E3C3C491BF1221000EA16F2 /* Frameworks */ = {
			isa = PBXFrameworksBuildPhase;
			buildActionMask = 2147483647;
			files = (
			);
			runOnlyForDeploymentPostprocessing = 0;
		};
/* End PBXFrameworksBuildPhase section */

/* Begin PBXGroup section */
		8E3C3C241BF1220E00EA16F2 = {
			isa = PBXGroup;
			children = (
				8E3C3C5E1BF1222900EA16F2 /* MessageUI.framework */,
				8E3C3C2F1BF1220E00EA16F2 /* EmailText */,
				8E3C3C441BF1221000EA16F2 /* EmailTextTests */,
				8E3C3C4F1BF1221000EA16F2 /* EmailTextUITests */,
				8E3C3C2E1BF1220E00EA16F2 /* Products */,
			);
			sourceTree = "<group>";
		};
		8E3C3C2E1BF1220E00EA16F2 /* Products */ = {
			isa = PBXGroup;
			children = (
				8E3C3C2D1BF1220E00EA16F2 /* EmailText.app */,
				8E3C3C411BF1221000EA16F2 /* EmailTextTests.xctest */,
				8E3C3C4C1BF1221000EA16F2 /* EmailTextUITests.xctest */,
			);
			name = Products;
			sourceTree = "<group>";
		};
		8E3C3C2F1BF1220E00EA16F2 /* EmailText */ = {
			isa = PBXGroup;
			children = (
				8E3C3C301BF1220E00EA16F2 /* AppDelegate.swift */,
				8E3C3C321BF1220E00EA16F2 /* ViewController.swift */,
				8E3C3C341BF1220F00EA16F2 /* Main.storyboard */,
				8E3C3C371BF1220F00EA16F2 /* Assets.xcassets */,
				8E3C3C391BF1220F00EA16F2 /* LaunchScreen.storyboard */,
				8E3C3C3C1BF1220F00EA16F2 /* Info.plist */,
				8E3C3C601BF126F900EA16F2 /* dog3.png */,
			);
			path = EmailText;
			sourceTree = "<group>";
		};
		8E3C3C441BF1221000EA16F2 /* EmailTextTests */ = {
			isa = PBXGroup;
			children = (
				8E3C3C451BF1221000EA16F2 /* EmailTextTests.swift */,
				8E3C3C471BF1221000EA16F2 /* Info.plist */,
			);
			path = EmailTextTests;
			sourceTree = "<group>";
		};
		8E3C3C4F1BF1221000EA16F2 /* EmailTextUITests */ = {
			isa = PBXGroup;
			children = (
				8E3C3C501BF1221000EA16F2 /* EmailTextUITests.swift */,
				8E3C3C521BF1221000EA16F2 /* Info.plist */,
			);
			path = EmailTextUITests;
			sourceTree = "<group>";
		};
/* End PBXGroup section */

/* Begin PBXNativeTarget section */
		8E3C3C2C1BF1220E00EA16F2 /* EmailText */ = {
			isa = PBXNativeTarget;
			buildConfigurationList = 8E3C3C551BF1221000EA16F2 /* Build configuration list for PBXNativeTarget "EmailText" */;
			buildPhases = (
				8E3C3C291BF1220E00EA16F2 /* Sources */,
				8E3C3C2A1BF1220E00EA16F2 /* Frameworks */,
				8E3C3C2B1BF1220E00EA16F2 /* Resources */,
			);
			buildRules = (
			);
			dependencies = (
			);
			name = EmailText;
			productName = EmailText;
			productReference = 8E3C3C2D1BF1220E00EA16F2 /* EmailText.app */;
			productType = "com.apple.product-type.application";
		};
		8E3C3C401BF1221000EA16F2 /* EmailTextTests */ = {
			isa = PBXNativeTarget;
			buildConfigurationList = 8E3C3C581BF1221000EA16F2 /* Build configuration list for PBXNativeTarget "EmailTextTests" */;
			buildPhases = (
				8E3C3C3D1BF1221000EA16F2 /* Sources */,
				8E3C3C3E1BF1221000EA16F2 /* Frameworks */,
				8E3C3C3F1BF1221000EA16F2 /* Resources */,
			);
			buildRules = (
			);
			dependencies = (
				8E3C3C431BF1221000EA16F2 /* PBXTargetDependency */,
			);
			name = EmailTextTests;
			productName = EmailTextTests;
			productReference = 8E3C3C411BF1221000EA16F2 /* EmailTextTests.xctest */;
			productType = "com.apple.product-type.bundle.unit-test";
		};
		8E3C3C4B1BF1221000EA16F2 /* EmailTextUITests */ = {
			isa = PBXNativeTarget;
			buildConfigurationList = 8E3C3C5B1BF1221000EA16F2 /* Build configuration list for PBXNativeTarget "EmailTextUITests" */;
			buildPhases = (
				8E3C3C481BF1221000EA16F2 /* Sources */,
				8E3C3C491BF1221000EA16F2 /* Frameworks */,
				8E3C3C4A1BF1221000EA16F2 /* Resources */,
			);
			buildRules = (
			);
			dependencies = (
				8E3C3C4E1BF1221000EA16F2 /* PBXTargetDependency */,
			);
			name = EmailTextUITests;
			productName = EmailTextUITests;
			productReference = 8E3C3C4C1BF1221000EA16F2 /* EmailTextUITests.xctest */;
			productType = "com.apple.product-type.bundle.ui-testing";
		};
/* End PBXNativeTarget section */

/* Begin PBXProject section */
		8E3C3C251BF1220E00EA16F2 /* Project object */ = {
			isa = PBXProject;
			attributes = {
				LastUpgradeCheck = 0700;
				ORGANIZATIONNAME = Arthur;
				TargetAttributes = {
					8E3C3C2C1BF1220E00EA16F2 = {
						CreatedOnToolsVersion = 7.0.1;
					};
					8E3C3C401BF1221000EA16F2 = {
						CreatedOnToolsVersion = 7.0.1;
						TestTargetID = 8E3C3C2C1BF1220E00EA16F2;
					};
					8E3C3C4B1BF1221000EA16F2 = {
						CreatedOnToolsVersion = 7.0.1;
						TestTargetID = 8E3C3C2C1BF1220E00EA16F2;
					};
				};
			};
			buildConfigurationList = 8E3C3C281BF1220E00EA16F2 /* Build configuration list for PBXProject "EmailText" */;
			compatibilityVersion = "Xcode 3.2";
			developmentRegion = English;
			hasScannedForEncodings = 0;
			knownRegions = (
				en,
				Base,
			);
			mainGroup = 8E3C3C241BF1220E00EA16F2;
			productRefGroup = 8E3C3C2E1BF1220E00EA16F2 /* Products */;
			projectDirPath = "";
			projectRoot = "";
			targets = (
				8E3C3C2C1BF1220E00EA16F2 /* EmailText */,
				8E3C3C401BF1221000EA16F2 /* EmailTextTests */,
				8E3C3C4B1BF1221000EA16F2 /* EmailTextUITests */,
			);
		};
/* End PBXProject section */

/* Begin PBXResourcesBuildPhase section */
		8E3C3C2B1BF1220E00EA16F2 /* Resources */ = {
			isa = PBXResourcesBuildPhase;
			buildActionMask = 2147483647;
			files = (
				8E3C3C611BF126F900EA16F2 /* dog3.png in Resources */,
				8E3C3C3B1BF1220F00EA16F2 /* LaunchScreen.storyboard in Resources */,
				8E3C3C381BF1220F00EA16F2 /* Assets.xcassets in Resources */,
				8E3C3C361BF1220F00EA16F2 /* Main.storyboard in Resources */,
			);
			runOnlyForDeploymentPostprocessing = 0;
		};
		8E3C3C3F1BF1221000EA16F2 /* Resources */ = {
			isa = PBXResourcesBuildPhase;
			buildActionMask = 2147483647;
			files = (
			);
			runOnlyForDeploymentPostprocessing = 0;
		};
		8E3C3C4A1BF1221000EA16F2 /* Resources */ = {
			isa = PBXResourcesBuildPhase;
			buildActionMask = 2147483647;
			files = (
			);
			runOnlyForDeploymentPostprocessing = 0;
		};
/* End PBXResourcesBuildPhase section */

/* Begin PBXSourcesBuildPhase section */
		8E3C3C291BF1220E00EA16F2 /* Sources */ = {
			isa = PBXSourcesBuildPhase;
			buildActionMask = 2147483647;
			files = (
				8E3C3C331BF1220E00EA16F2 /* ViewController.swift in Sources */,
				8E3C3C311BF1220E00EA16F2 /* AppDelegate.swift in Sources */,
			);
			runOnlyForDeploymentPostprocessing = 0;
		};
		8E3C3C3D1BF1221000EA16F2 /* Sources */ = {
			isa = PBXSourcesBuildPhase;
			buildActionMask = 2147483647;
			files = (
				8E3C3C461BF1221000EA16F2 /* EmailTextTests.swift in Sources */,
			);
			runOnlyForDeploymentPostprocessing = 0;
		};
		8E3C3C481BF1221000EA16F2 /* Sources */ = {
			isa = PBXSourcesBuildPhase;
			buildActionMask = 2147483647;
			files = (
				8E3C3C511BF1221000EA16F2 /* EmailTextUITests.swift in Sources */,
			);
			runOnlyForDeploymentPostprocessing = 0;
		};
/* End PBXSourcesBuildPhase section */

/* Begin PBXTargetDependency section */
		8E3C3C431BF1221000EA16F2 /* PBXTargetDependency */ = {
			isa = PBXTargetDependency;
			target = 8E3C3C2C1BF1220E00EA16F2 /* EmailText */;
			targetProxy = 8E3C3C421BF1221000EA16F2 /* PBXContainerItemProxy */;
		};
		8E3C3C4E1BF1221000EA16F2 /* PBXTargetDependency */ = {
			isa = PBXTargetDependency;
			target = 8E3C3C2C1BF1220E00EA16F2 /* EmailText */;
			targetProxy = 8E3C3C4D1BF1221000EA16F2 /* PBXContainerItemProxy */;
		};
/* End PBXTargetDependency section */

/* Begin PBXVariantGroup section */
		8E3C3C341BF1220F00EA16F2 /* Main.storyboard */ = {
			isa = PBXVariantGroup;
			children = (
				8E3C3C351BF1220F00EA16F2 /* Base */,
			);
			name = Main.storyboard;
			sourceTree = "<group>";
		};
		8E3C3C391BF1220F00EA16F2 /* LaunchScreen.storyboard */ = {
			isa = PBXVariantGroup;
			children = (
				8E3C3C3A1BF1220F00EA16F2 /* Base */,
			);
			name = LaunchScreen.storyboard;
			sourceTree = "<group>";
		};
/* End PBXVariantGroup section */

/* Begin XCBuildConfiguration section */
		8E3C3C531BF1221000EA16F2 /* Debug */ = {
			isa = XCBuildConfiguration;
			buildSettings = {
				ALWAYS_SEARCH_USER_PATHS = NO;
				CLANG_CXX_LANGUAGE_STANDARD = "gnu++0x";
				CLANG_CXX_LIBRARY = "libc++";
				CLANG_ENABLE_MODULES = YES;
				CLANG_ENABLE_OBJC_ARC = YES;
				CLANG_WARN_BOOL_CONVERSION = YES;
				CLANG_WARN_CONSTANT_CONVERSION = YES;
				CLANG_WARN_DIRECT_OBJC_ISA_USAGE = YES_ERROR;
				CLANG_WARN_EMPTY_BODY = YES;
				CLANG_WARN_ENUM_CONVERSION = YES;
				CLANG_WARN_INT_CONVERSION = YES;
				CLANG_WARN_OBJC_ROOT_CLASS = YES_ERROR;
				CLANG_WARN_UNREACHABLE_CODE = YES;
				CLANG_WARN__DUPLICATE_METHOD_MATCH = YES;
				"CODE_SIGN_IDENTITY[sdk=iphoneos*]" = "iPhone Developer";
				COPY_PHASE_STRIP = NO;
				DEBUG_INFORMATION_FORMAT = dwarf;
				ENABLE_STRICT_OBJC_MSGSEND = YES;
				ENABLE_TESTABILITY = YES;
				GCC_C_LANGUAGE_STANDARD = gnu99;
				GCC_DYNAMIC_NO_PIC = NO;
				GCC_NO_COMMON_BLOCKS = YES;
				GCC_OPTIMIZATION_LEVEL = 0;
				GCC_PREPROCESSOR_DEFINITIONS = (
					"DEBUG=1",
					"$(inherited)",
				);
				GCC_WARN_64_TO_32_BIT_CONVERSION = YES;
				GCC_WARN_ABOUT_RETURN_TYPE = YES_ERROR;
				GCC_WARN_UNDECLARED_SELECTOR = YES;
				GCC_WARN_UNINITIALIZED_AUTOS = YES_AGGRESSIVE;
				GCC_WARN_UNUSED_FUNCTION = YES;
				GCC_WARN_UNUSED_VARIABLE = YES;
				IPHONEOS_DEPLOYMENT_TARGET = 9.0;
				MTL_ENABLE_DEBUG_INFO = YES;
				ONLY_ACTIVE_ARCH = YES;
				SDKROOT = iphoneos;
				SWIFT_OPTIMIZATION_LEVEL = "-Onone";
			};
			name = Debug;
		};
		8E3C3C541BF1221000EA16F2 /* Release */ = {
			isa = XCBuildConfiguration;
			buildSettings = {
				ALWAYS_SEARCH_USER_PATHS = NO;
				CLANG_CXX_LANGUAGE_STANDARD = "gnu++0x";
				CLANG_CXX_LIBRARY = "libc++";
				CLANG_ENABLE_MODULES = YES;
				CLANG_ENABLE_OBJC_ARC = YES;
				CLANG_WARN_BOOL_CONVERSION = YES;
				CLANG_WARN_CONSTANT_CONVERSION = YES;
				CLANG_WARN_DIRECT_OBJC_ISA_USAGE = YES_ERROR;
				CLANG_WARN_EMPTY_BODY = YES;
				CLANG_WARN_ENUM_CONVERSION = YES;
				CLANG_WARN_INT_CONVERSION = YES;
				CLANG_WARN_OBJC_ROOT_CLASS = YES_ERROR;
				CLANG_WARN_UNREACHABLE_CODE = YES;
				CLANG_WARN__DUPLICATE_METHOD_MATCH = YES;
				"CODE_SIGN_IDENTITY[sdk=iphoneos*]" = "iPhone Developer";
				COPY_PHASE_STRIP = NO;
				DEBUG_INFORMATION_FORMAT = "dwarf-with-dsym";
				ENABLE_NS_ASSERTIONS = NO;
				ENABLE_STRICT_OBJC_MSGSEND = YES;
				GCC_C_LANGUAGE_STANDARD = gnu99;
				GCC_NO_COMMON_BLOCKS = YES;
				GCC_WARN_64_TO_32_BIT_CONVERSION = YES;
				GCC_WARN_ABOUT_RETURN_TYPE = YES_ERROR;
				GCC_WARN_UNDECLARED_SELECTOR = YES;
				GCC_WARN_UNINITIALIZED_AUTOS = YES_AGGRESSIVE;
				GCC_WARN_UNUSED_FUNCTION = YES;
				GCC_WARN_UNUSED_VARIABLE = YES;
				IPHONEOS_DEPLOYMENT_TARGET = 9.0;
				MTL_ENABLE_DEBUG_INFO = NO;
				SDKROOT = iphoneos;
				VALIDATE_PRODUCT = YES;
			};
			name = Release;
		};
		8E3C3C561BF1221000EA16F2 /* Debug */ = {
			isa = XCBuildConfiguration;
			buildSettings = {
				ASSETCATALOG_COMPILER_APPICON_NAME = AppIcon;
				INFOPLIST_FILE = EmailText/Info.plist;
				LD_RUNPATH_SEARCH_PATHS = "$(inherited) @executable_path/Frameworks";
				PRODUCT_BUNDLE_IDENTIFIER = ca.irooms.EmailText;
				PRODUCT_NAME = "$(TARGET_NAME)";
			};
			name = Debug;
		};
		8E3C3C571BF1221000EA16F2 /* Release */ = {
			isa = XCBuildConfiguration;
			buildSettings = {
				ASSETCATALOG_COMPILER_APPICON_NAME = AppIcon;
				INFOPLIST_FILE = EmailText/Info.plist;
				LD_RUNPATH_SEARCH_PATHS = "$(inherited) @executable_path/Frameworks";
				PRODUCT_BUNDLE_IDENTIFIER = ca.irooms.EmailText;
				PRODUCT_NAME = "$(TARGET_NAME)";
			};
			name = Release;
		};
		8E3C3C591BF1221000EA16F2 /* Debug */ = {
			isa = XCBuildConfiguration;
			buildSettings = {
				BUNDLE_LOADER = "$(TEST_HOST)";
				INFOPLIST_FILE = EmailTextTests/Info.plist;
				LD_RUNPATH_SEARCH_PATHS = "$(inherited) @executable_path/Frameworks @loader_path/Frameworks";
				PRODUCT_BUNDLE_IDENTIFIER = ca.irooms.EmailTextTests;
				PRODUCT_NAME = "$(TARGET_NAME)";
				TEST_HOST = "$(BUILT_PRODUCTS_DIR)/EmailText.app/EmailText";
			};
			name = Debug;
		};
		8E3C3C5A1BF1221000EA16F2 /* Release */ = {
			isa = XCBuildConfiguration;
			buildSettings = {
				BUNDLE_LOADER = "$(TEST_HOST)";
				INFOPLIST_FILE = EmailTextTests/Info.plist;
				LD_RUNPATH_SEARCH_PATHS = "$(inherited) @executable_path/Frameworks @loader_path/Frameworks";
				PRODUCT_BUNDLE_IDENTIFIER = ca.irooms.EmailTextTests;
				PRODUCT_NAME = "$(TARGET_NAME)";
				TEST_HOST = "$(BUILT_PRODUCTS_DIR)/EmailText.app/EmailText";
			};
			name = Release;
		};
		8E3C3C5C1BF1221000EA16F2 /* Debug */ = {
			isa = XCBuildConfiguration;
			buildSettings = {
				INFOPLIST_FILE = EmailTextUITests/Info.plist;
				LD_RUNPATH_SEARCH_PATHS = "$(inherited) @executable_path/Frameworks @loader_path/Frameworks";
				PRODUCT_BUNDLE_IDENTIFIER = ca.irooms.EmailTextUITests;
				PRODUCT_NAME = "$(TARGET_NAME)";
				TEST_TARGET_NAME = EmailText;
				USES_XCTRUNNER = YES;
			};
			name = Debug;
		};
		8E3C3C5D1BF1221000EA16F2 /* Release */ = {
			isa = XCBuildConfiguration;
			buildSettings = {
				INFOPLIST_FILE = EmailTextUITests/Info.plist;
				LD_RUNPATH_SEARCH_PATHS = "$(inherited) @executable_path/Frameworks @loader_path/Frameworks";
				PRODUCT_BUNDLE_IDENTIFIER = ca.irooms.EmailTextUITests;
				PRODUCT_NAME = "$(TARGET_NAME)";
				TEST_TARGET_NAME = EmailText;
				USES_XCTRUNNER = YES;
			};
			name = Release;
		};
/* End XCBuildConfiguration section */

/* Begin XCConfigurationList section */
		8E3C3C281BF1220E00EA16F2 /* Build configuration list for PBXProject "EmailText" */ = {
			isa = XCConfigurationList;
			buildConfigurations = (
				8E3C3C531BF1221000EA16F2 /* Debug */,
				8E3C3C541BF1221000EA16F2 /* Release */,
			);
			defaultConfigurationIsVisible = 0;
			defaultConfigurationName = Release;
		};
		8E3C3C551BF1221000EA16F2 /* Build configuration list for PBXNativeTarget "EmailText" */ = {
			isa = XCConfigurationList;
			buildConfigurations = (
				8E3C3C561BF1221000EA16F2 /* Debug */,
				8E3C3C571BF1221000EA16F2 /* Release */,
			);
			defaultConfigurationIsVisible = 0;
		};
		8E3C3C581BF1221000EA16F2 /* Build configuration list for PBXNativeTarget "EmailTextTests" */ = {
			isa = XCConfigurationList;
			buildConfigurations = (
				8E3C3C591BF1221000EA16F2 /* Debug */,
				8E3C3C5A1BF1221000EA16F2 /* Release */,
			);
			defaultConfigurationIsVisible = 0;
		};
		8E3C3C5B1BF1221000EA16F2 /* Build configuration list for PBXNativeTarget "EmailTextUITests" */ = {
			isa = XCConfigurationList;
			buildConfigurations = (
				8E3C3C5C1BF1221000EA16F2 /* Debug */,
				8E3C3C5D1BF1221000EA16F2 /* Release */,
			);
			defaultConfigurationIsVisible = 0;
		};
/* End XCConfigurationList section */
	};
	rootObject = 8E3C3C251BF1220E00EA16F2 /* Project object */;
}
